
Microsoft Visual Studio Solution File, Format Version 12.00
# Visual Studio Version 17
VisualStudioVersion = 17.13.35931.197 d17.13
MinimumVisualStudioVersion = 10.0.40219.1
Project("{FAE04EC0-301F-11D3-BF4B-00C04F79EFBC}") = "Taller Estrella", "Taller Estrella\Taller Estrella.csproj", "{A7AD179D-0F36-4756-A771-8F8C1873781D}"
EndProject
Global
	GlobalSection(SolutionConfigurationPlatforms) = preSolution
		Debug|Any CPU = Debug|Any CPU
		Release|Any CPU = Release|Any CPU
	EndGlobalSection
	GlobalSection(ProjectConfigurationPlatforms) = postSolution
		{A7AD179D-0F36-4756-A771-8F8C1873781D}.Debug|Any CPU.ActiveCfg = Debug|Any CPU
		{A7AD179D-0F36-4756-A771-8F8C1873781D}.Debug|Any CPU.Build.0 = Debug|Any CPU
		{A7AD179D-0F36-4756-A771-8F8C1873781D}.Release|Any CPU.ActiveCfg = Release|Any CPU
		{A7AD179D-0F36-4756-A771-8F8C1873781D}.Release|Any CPU.Build.0 = Release|Any CPU
	EndGlobalSection
	GlobalSection(SolutionProperties) = preSolution
		HideSolutionNode = FALSE
	EndGlobalSection
	GlobalSection(ExtensibilityGlobals) = postSolution
		SolutionGuid = {F17F8ED1-49A7-49BC-84A0-5AC08744470C}
	EndGlobalSection
EndGlobal
